
Microsoft Visual Studio Solution File, Format Version 12.00
# Visual Studio Version 17
VisualStudioVersion = 17.5.002.0
MinimumVisualStudioVersion = 10.0.40219.1
Project("{9A19103F-16F7-4668-BE54-9A1E7A4F7556}") = "SimpleCaclulator", "SimpleCaclulator.csproj", "{B813BA4E-1EC9-40A0-8C7D-8CE282CC1895}"
EndProject
Global
	GlobalSection(SolutionConfigurationPlatforms) = preSolution
		Debug|Any CPU = Debug|Any CPU
		Release|Any CPU = Release|Any CPU
	EndGlobalSection
	GlobalSection(ProjectConfigurationPlatforms) = postSolution
		{B813BA4E-1EC9-40A0-8C7D-8CE282CC1895}.Debug|Any CPU.ActiveCfg = Debug|Any CPU
		{B813BA4E-1EC9-40A0-8C7D-8CE282CC1895}.Debug|Any CPU.Build.0 = Debug|Any CPU
		{B813BA4E-1EC9-40A0-8C7D-8CE282CC1895}.Release|Any CPU.ActiveCfg = Release|Any CPU
		{B813BA4E-1EC9-40A0-8C7D-8CE282CC1895}.Release|Any CPU.Build.0 = Release|Any CPU
	EndGlobalSection
	GlobalSection(SolutionProperties) = preSolution
		HideSolutionNode = FALSE
	EndGlobalSection
	GlobalSection(ExtensibilityGlobals) = postSolution
		SolutionGuid = {C20E2023-0150-44D2-A271-A785441B2319}
	EndGlobalSection
EndGlobal
